
Microsoft Visual Studio Solution File, Format Version 12.00
# Visual Studio Version 17
VisualStudioVersion = 17.7.34221.43
MinimumVisualStudioVersion = 10.0.40219.1
Project("{9A19103F-16F7-4668-BE54-9A1E7A4F7556}") = "CursoTeste", "CursoTeste\CursoTeste.csproj", "{6F086A36-50D3-4C63-AC08-35C59734D4A9}"
EndProject
Project("{FAE04EC0-301F-11D3-BF4B-00C04F79EFBC}") = "EmailSchedule", "EmailSchedule\EmailSchedule.csproj", "{A9923022-80A9-43DD-BCDE-F630C43AA740}"
EndProject
Global
	GlobalSection(SolutionConfigurationPlatforms) = preSolution
		Debug|Any CPU = Debug|Any CPU
		Release|Any CPU = Release|Any CPU
	EndGlobalSection
	GlobalSection(ProjectConfigurationPlatforms) = postSolution
		{6F086A36-50D3-4C63-AC08-35C59734D4A9}.Debug|Any CPU.ActiveCfg = Debug|Any CPU
		{6F086A36-50D3-4C63-AC08-35C59734D4A9}.Debug|Any CPU.Build.0 = Debug|Any CPU
		{6F086A36-50D3-4C63-AC08-35C59734D4A9}.Release|Any CPU.ActiveCfg = Release|Any CPU
		{6F086A36-50D3-4C63-AC08-35C59734D4A9}.Release|Any CPU.Build.0 = Release|Any CPU
		{A9923022-80A9-43DD-BCDE-F630C43AA740}.Debug|Any CPU.ActiveCfg = Debug|Any CPU
		{A9923022-80A9-43DD-BCDE-F630C43AA740}.Debug|Any CPU.Build.0 = Debug|Any CPU
		{A9923022-80A9-43DD-BCDE-F630C43AA740}.Release|Any CPU.ActiveCfg = Release|Any CPU
		{A9923022-80A9-43DD-BCDE-F630C43AA740}.Release|Any CPU.Build.0 = Release|Any CPU
	EndGlobalSection
	GlobalSection(SolutionProperties) = preSolution
		HideSolutionNode = FALSE
	EndGlobalSection
	GlobalSection(ExtensibilityGlobals) = postSolution
		SolutionGuid = {FF9E2DDF-F88D-46D7-A1CF-7D07C88C4C60}
	EndGlobalSection
EndGlobal
